// !$*UTF8*$!
{
	archiveVersion = 1;
	classes = {
	};
	objectVersion = 46;
	objects = {

/* Begin PBXBuildFile section */
		5F1026321B22B02000257C45 /* CDTLamoSettings.m in Sources */ = {isa = PBXBuildFile; fileRef = 5F1026311B22B02000257C45 /* CDTLamoSettings.m */; };
		5F1026351B22B5AD00257C45 /* CDTLamoSettingsViewController.m in Sources */ = {isa = PBXBuildFile; fileRef = 5F1026341B22B5AD00257C45 /* CDTLamoSettingsViewController.m */; };
		5F40C0A81B2D9E0000AC3711 /* SBIconController.m in Sources */ = {isa = PBXBuildFile; fileRef = 5F40C0A71B2D9E0000AC3711 /* SBIconController.m */; };
		5F742F771B23B52B00E92C5D /* CDTLamoSettingsIcon.m in Sources */ = {isa = PBXBuildFile; fileRef = 5F742F761B23B52B00E92C5D /* CDTLamoSettingsIcon.m */; };
		5FA91D781B37131B00BBC90E /* CDTLamoAppOverlay.m in Sources */ = {isa = PBXBuildFile; fileRef = 5FA91D771B37131B00BBC90E /* CDTLamoAppOverlay.m */; };
		5FB4542A1AF364350020FC56 /* Lamo.h in CopyFiles */ = {isa = PBXBuildFile; fileRef = 5FB454291AF364350020FC56 /* Lamo.h */; };
		5FB454421AF364920020FC56 /* ZKSwizzle.m in Sources */ = {isa = PBXBuildFile; fileRef = 5FB454411AF364920020FC56 /* ZKSwizzle.m */; };
		5FB4544F1AF3657C0020FC56 /* CDTContextHostProvider.mm in Sources */ = {isa = PBXBuildFile; fileRef = 5FB454441AF3657C0020FC56 /* CDTContextHostProvider.mm */; };
		5FB454501AF3657C0020FC56 /* CDTLamo.mm in Sources */ = {isa = PBXBuildFile; fileRef = 5FB454461AF3657C0020FC56 /* CDTLamo.mm */; };
		5FB454511AF3657C0020FC56 /* CDTLamoBarView.mm in Sources */ = {isa = PBXBuildFile; fileRef = 5FB454481AF3657C0020FC56 /* CDTLamoBarView.mm */; };
		5FB454551AF366B10020FC56 /* SBAppSliderController.m in Sources */ = {isa = PBXBuildFile; fileRef = 5FB4544D1AF3657C0020FC56 /* SBAppSliderController.m */; };
		5FB454561AF366B10020FC56 /* SBUIController.m in Sources */ = {isa = PBXBuildFile; fileRef = 5FB4544E1AF3657C0020FC56 /* SBUIController.m */; };
		5FDF09191B091CFC0094306F /* CDTLamoStateManager.m in Sources */ = {isa = PBXBuildFile; fileRef = 5FDF09181B091CFC0094306F /* CDTLamoStateManager.m */; };
		5FE039921AF36FEA004F9098 /* CoreGraphics.framework in Frameworks */ = {isa = PBXBuildFile; fileRef = 5FE039911AF36FEA004F9098 /* CoreGraphics.framework */; };
		5FE039941AF37001004F9098 /* UIKit.framework in Frameworks */ = {isa = PBXBuildFile; fileRef = 5FE039931AF37001004F9098 /* UIKit.framework */; };
		5FE039E61AF44AD6004F9098 /* UIApplication.m in Sources */ = {isa = PBXBuildFile; fileRef = 5FE039E51AF44AD6004F9098 /* UIApplication.m */; };
		5FE039E71AF44E8F004F9098 /* ZKSwizzle.m in Sources */ = {isa = PBXBuildFile; fileRef = 5FB454411AF364920020FC56 /* ZKSwizzle.m */; };
		5FE9009C1B26DE0B00ACCB1C /* SBNotificationCenterController.m in Sources */ = {isa = PBXBuildFile; fileRef = 5FE9009B1B26DE0B00ACCB1C /* SBNotificationCenterController.m */; };
		5FEBA7461B210D0400BACB25 /* CDTLamoPanGestureRecognizer.m in Sources */ = {isa = PBXBuildFile; fileRef = 5FEBA7451B210D0400BACB25 /* CDTLamoPanGestureRecognizer.m */; };
		5FF127811AFB06C8001EE496 /* CDTLamoWindow.m in Sources */ = {isa = PBXBuildFile; fileRef = 5FF127801AFB06C8001EE496 /* CDTLamoWindow.m */; };
/* End PBXBuildFile section */

/* Begin PBXContainerItemProxy section */
		5FE039E31AF44A4C004F9098 /* PBXContainerItemProxy */ = {
			isa = PBXContainerItemProxy;
			containerPortal = 5FB4541E1AF364350020FC56 /* Project object */;
			proxyType = 1;
			remoteGlobalIDString = 5FE039CB1AF447EB004F9098;
			remoteInfo = lamoClient;
		};
/* End PBXContainerItemProxy section */

/* Begin PBXCopyFilesBuildPhase section */
		5FB454241AF364350020FC56 /* CopyFiles */ = {
			isa = PBXCopyFilesBuildPhase;
			buildActionMask = 2147483647;
			dstPath = "include/$(PRODUCT_NAME)";
			dstSubfolderSpec = 16;
			files = (
				5FB4542A1AF364350020FC56 /* Lamo.h in CopyFiles */,
			);
			runOnlyForDeploymentPostprocessing = 0;
		};
		5FE039CA1AF447EB004F9098 /* CopyFiles */ = {
			isa = PBXCopyFilesBuildPhase;
			buildActionMask = 2147483647;
			dstPath = "include/$(PRODUCT_NAME)";
			dstSubfolderSpec = 16;
			files = (
			);
			runOnlyForDeploymentPostprocessing = 0;
		};
/* End PBXCopyFilesBuildPhase section */

/* Begin PBXFileReference section */
		5F1026301B22B02000257C45 /* CDTLamoSettings.h */ = {isa = PBXFileReference; fileEncoding = 4; lastKnownFileType = sourcecode.c.h; path = CDTLamoSettings.h; sourceTree = "<group>"; };
		5F1026311B22B02000257C45 /* CDTLamoSettings.m */ = {isa = PBXFileReference; fileEncoding = 4; lastKnownFileType = sourcecode.c.objc; path = CDTLamoSettings.m; sourceTree = "<group>"; };
		5F1026331B22B5AD00257C45 /* CDTLamoSettingsViewController.h */ = {isa = PBXFileReference; fileEncoding = 4; lastKnownFileType = sourcecode.c.h; path = CDTLamoSettingsViewController.h; sourceTree = "<group>"; };
		5F1026341B22B5AD00257C45 /* CDTLamoSettingsViewController.m */ = {isa = PBXFileReference; fileEncoding = 4; lastKnownFileType = sourcecode.c.objc; path = CDTLamoSettingsViewController.m; sourceTree = "<group>"; };
		5F1452651B39BD1A00A8D4D1 /* lamo_install.sh */ = {isa = PBXFileReference; lastKnownFileType = text.script.sh; path = lamo_install.sh; sourceTree = "<group>"; };
		5F40C0A71B2D9E0000AC3711 /* SBIconController.m */ = {isa = PBXFileReference; fileEncoding = 4; lastKnownFileType = sourcecode.c.objc; path = SBIconController.m; sourceTree = "<group>"; };
		5F742F761B23B52B00E92C5D /* CDTLamoSettingsIcon.m */ = {isa = PBXFileReference; fileEncoding = 4; lastKnownFileType = sourcecode.c.objc; path = CDTLamoSettingsIcon.m; sourceTree = "<group>"; };
		5F81689A1B38E04100F99B4D /* lamo_staging */ = {isa = PBXFileReference; lastKnownFileType = folder; path = lamo_staging; sourceTree = "<group>"; };
		5F81689B1B38E25400F99B4D /* lamo_build_deb.sh */ = {isa = PBXFileReference; lastKnownFileType = text.script.sh; path = lamo_build_deb.sh; sourceTree = "<group>"; };
		5FA91D761B37131B00BBC90E /* CDTLamoAppOverlay.h */ = {isa = PBXFileReference; fileEncoding = 4; lastKnownFileType = sourcecode.c.h; path = CDTLamoAppOverlay.h; sourceTree = "<group>"; };
		5FA91D771B37131B00BBC90E /* CDTLamoAppOverlay.m */ = {isa = PBXFileReference; fileEncoding = 4; lastKnownFileType = sourcecode.c.objc; path = CDTLamoAppOverlay.m; sourceTree = "<group>"; };
		5FA91D791B371DFC00BBC90E /* Resources */ = {isa = PBXFileReference; lastKnownFileType = folder; path = Resources; sourceTree = "<group>"; };
		5FB454261AF364350020FC56 /* Lamo.dylib */ = {isa = PBXFileReference; explicitFileType = "compiled.mach-o.dylib"; includeInIndex = 0; path = Lamo.dylib; sourceTree = BUILT_PRODUCTS_DIR; };
		5FB454291AF364350020FC56 /* Lamo.h */ = {isa = PBXFileReference; lastKnownFileType = sourcecode.c.h; path = Lamo.h; sourceTree = "<group>"; };
		5FB454401AF364920020FC56 /* ZKSwizzle.h */ = {isa = PBXFileReference; fileEncoding = 4; lastKnownFileType = sourcecode.c.h; path = ZKSwizzle.h; sourceTree = "<group>"; };
		5FB454411AF364920020FC56 /* ZKSwizzle.m */ = {isa = PBXFileReference; fileEncoding = 4; lastKnownFileType = sourcecode.c.objc; path = ZKSwizzle.m; sourceTree = "<group>"; };
		5FB454431AF3657B0020FC56 /* CDTContextHostProvider.h */ = {isa = PBXFileReference; fileEncoding = 4; lastKnownFileType = sourcecode.c.h; path = CDTContextHostProvider.h; sourceTree = "<group>"; };
		5FB454441AF3657C0020FC56 /* CDTContextHostProvider.mm */ = {isa = PBXFileReference; fileEncoding = 4; lastKnownFileType = sourcecode.cpp.objcpp; path = CDTContextHostProvider.mm; sourceTree = "<group>"; };
		5FB454451AF3657C0020FC56 /* CDTLamo.h */ = {isa = PBXFileReference; fileEncoding = 4; lastKnownFileType = sourcecode.c.h; path = CDTLamo.h; sourceTree = "<group>"; };
		5FB454461AF3657C0020FC56 /* CDTLamo.mm */ = {isa = PBXFileReference; fileEncoding = 4; lastKnownFileType = sourcecode.cpp.objcpp; path = CDTLamo.mm; sourceTree = "<group>"; };
		5FB454471AF3657C0020FC56 /* CDTLamoBarView.h */ = {isa = PBXFileReference; fileEncoding = 4; lastKnownFileType = sourcecode.c.h; path = CDTLamoBarView.h; sourceTree = "<group>"; };
		5FB454481AF3657C0020FC56 /* CDTLamoBarView.mm */ = {isa = PBXFileReference; fileEncoding = 4; lastKnownFileType = sourcecode.cpp.objcpp; path = CDTLamoBarView.mm; sourceTree = "<group>"; };
		5FB4544D1AF3657C0020FC56 /* SBAppSliderController.m */ = {isa = PBXFileReference; fileEncoding = 4; lastKnownFileType = sourcecode.c.objc; path = SBAppSliderController.m; sourceTree = "<group>"; };
		5FB4544E1AF3657C0020FC56 /* SBUIController.m */ = {isa = PBXFileReference; fileEncoding = 4; lastKnownFileType = sourcecode.c.objc; path = SBUIController.m; sourceTree = "<group>"; };
		5FDF09171B091CFC0094306F /* CDTLamoStateManager.h */ = {isa = PBXFileReference; fileEncoding = 4; lastKnownFileType = sourcecode.c.h; path = CDTLamoStateManager.h; sourceTree = "<group>"; };
		5FDF09181B091CFC0094306F /* CDTLamoStateManager.m */ = {isa = PBXFileReference; fileEncoding = 4; lastKnownFileType = sourcecode.c.objc; path = CDTLamoStateManager.m; sourceTree = "<group>"; };
		5FE039911AF36FEA004F9098 /* CoreGraphics.framework */ = {isa = PBXFileReference; lastKnownFileType = wrapper.framework; name = CoreGraphics.framework; path = System/Library/Frameworks/CoreGraphics.framework; sourceTree = SDKROOT; };
		5FE039931AF37001004F9098 /* UIKit.framework */ = {isa = PBXFileReference; lastKnownFileType = wrapper.framework; name = UIKit.framework; path = System/Library/Frameworks/UIKit.framework; sourceTree = SDKROOT; };
		5FE039CC1AF447EB004F9098 /* LamoClient.dylib */ = {isa = PBXFileReference; explicitFileType = "compiled.mach-o.dylib"; includeInIndex = 0; path = LamoClient.dylib; sourceTree = BUILT_PRODUCTS_DIR; };
		5FE039E51AF44AD6004F9098 /* UIApplication.m */ = {isa = PBXFileReference; fileEncoding = 4; lastKnownFileType = sourcecode.c.objc; path = UIApplication.m; sourceTree = "<group>"; };
		5FE9009B1B26DE0B00ACCB1C /* SBNotificationCenterController.m */ = {isa = PBXFileReference; fileEncoding = 4; lastKnownFileType = sourcecode.c.objc; path = SBNotificationCenterController.m; sourceTree = "<group>"; };
		5FEBA71A1B1C1F6700BACB25 /* README.md */ = {isa = PBXFileReference; lastKnownFileType = net.daringfireball.markdown; path = README.md; sourceTree = "<group>"; };
		5FEBA7441B210D0400BACB25 /* CDTLamoPanGestureRecognizer.h */ = {isa = PBXFileReference; fileEncoding = 4; lastKnownFileType = sourcecode.c.h; path = CDTLamoPanGestureRecognizer.h; sourceTree = "<group>"; };
		5FEBA7451B210D0400BACB25 /* CDTLamoPanGestureRecognizer.m */ = {isa = PBXFileReference; fileEncoding = 4; lastKnownFileType = sourcecode.c.objc; path = CDTLamoPanGestureRecognizer.m; sourceTree = "<group>"; };
		5FF1277F1AFB06C8001EE496 /* CDTLamoWindow.h */ = {isa = PBXFileReference; fileEncoding = 4; lastKnownFileType = sourcecode.c.h; path = CDTLamoWindow.h; sourceTree = "<group>"; };
		5FF127801AFB06C8001EE496 /* CDTLamoWindow.m */ = {isa = PBXFileReference; fileEncoding = 4; lastKnownFileType = sourcecode.c.objc; path = CDTLamoWindow.m; sourceTree = "<group>"; };
		5FF275211B1A91AC006CC312 /* .travis.yml */ = {isa = PBXFileReference; lastKnownFileType = text; path = .travis.yml; sourceTree = SOURCE_ROOT; };
/* End PBXFileReference section */

/* Begin PBXFrameworksBuildPhase section */
		5FB454231AF364350020FC56 /* Frameworks */ = {
			isa = PBXFrameworksBuildPhase;
			buildActionMask = 2147483647;
			files = (
				5FE039941AF37001004F9098 /* UIKit.framework in Frameworks */,
				5FE039921AF36FEA004F9098 /* CoreGraphics.framework in Frameworks */,
			);
			runOnlyForDeploymentPostprocessing = 0;
		};
		5FE039C91AF447EB004F9098 /* Frameworks */ = {
			isa = PBXFrameworksBuildPhase;
			buildActionMask = 2147483647;
			files = (
			);
			runOnlyForDeploymentPostprocessing = 0;
		};
/* End PBXFrameworksBuildPhase section */

/* Begin PBXGroup section */
		5FB4541D1AF364350020FC56 = {
			isa = PBXGroup;
			children = (
				5FE039931AF37001004F9098 /* UIKit.framework */,
				5FE039911AF36FEA004F9098 /* CoreGraphics.framework */,
				5FF275211B1A91AC006CC312 /* .travis.yml */,
				5FEBA71A1B1C1F6700BACB25 /* README.md */,
				5F81689B1B38E25400F99B4D /* lamo_build_deb.sh */,
				5F1452651B39BD1A00A8D4D1 /* lamo_install.sh */,
				5F81689A1B38E04100F99B4D /* lamo_staging */,
				5FA91D791B371DFC00BBC90E /* Resources */,
				5FB454281AF364350020FC56 /* Lamo */,
				5FE039CD1AF447EB004F9098 /* lamoClient */,
				5FB454271AF364350020FC56 /* Products */,
			);
			sourceTree = "<group>";
		};
		5FB454271AF364350020FC56 /* Products */ = {
			isa = PBXGroup;
			children = (
				5FB454261AF364350020FC56 /* Lamo.dylib */,
				5FE039CC1AF447EB004F9098 /* LamoClient.dylib */,
			);
			name = Products;
			sourceTree = "<group>";
		};
		5FB454281AF364350020FC56 /* Lamo */ = {
			isa = PBXGroup;
			children = (
				5FFC8B531B3E44EA009377F8 /* Context Hosting */,
				5FFC8B541B3E4502009377F8 /* Windows */,
				5FFC8B551B3E451F009377F8 /* Settings */,
				5FFC8B561B3E459F009377F8 /* Hooks */,
				5FFC8B571B3E45C8009377F8 /* Objects */,
				5FB454451AF3657C0020FC56 /* CDTLamo.h */,
				5FB454461AF3657C0020FC56 /* CDTLamo.mm */,
				5FB454291AF364350020FC56 /* Lamo.h */,
			);
			path = Lamo;
			sourceTree = "<group>";
		};
		5FE039CD1AF447EB004F9098 /* lamoClient */ = {
			isa = PBXGroup;
			children = (
				5FE039E51AF44AD6004F9098 /* UIApplication.m */,
			);
			path = lamoClient;
			sourceTree = "<group>";
		};
		5FFC8B531B3E44EA009377F8 /* Context Hosting */ = {
			isa = PBXGroup;
			children = (
				5FB454431AF3657B0020FC56 /* CDTContextHostProvider.h */,
				5FB454441AF3657C0020FC56 /* CDTContextHostProvider.mm */,
			);
			name = "Context Hosting";
			sourceTree = "<group>";
		};
		5FFC8B541B3E4502009377F8 /* Windows */ = {
			isa = PBXGroup;
			children = (
				5FF1277F1AFB06C8001EE496 /* CDTLamoWindow.h */,
				5FF127801AFB06C8001EE496 /* CDTLamoWindow.m */,
				5FB454471AF3657C0020FC56 /* CDTLamoBarView.h */,
				5FB454481AF3657C0020FC56 /* CDTLamoBarView.mm */,
				5FA91D761B37131B00BBC90E /* CDTLamoAppOverlay.h */,
				5FA91D771B37131B00BBC90E /* CDTLamoAppOverlay.m */,
			);
			name = Windows;
			sourceTree = "<group>";
		};
		5FFC8B551B3E451F009377F8 /* Settings */ = {
			isa = PBXGroup;
			children = (
				5F1026301B22B02000257C45 /* CDTLamoSettings.h */,
				5F1026311B22B02000257C45 /* CDTLamoSettings.m */,
				5F1026331B22B5AD00257C45 /* CDTLamoSettingsViewController.h */,
				5F1026341B22B5AD00257C45 /* CDTLamoSettingsViewController.m */,
			);
			name = Settings;
			sourceTree = "<group>";
		};
		5FFC8B561B3E459F009377F8 /* Hooks */ = {
			isa = PBXGroup;
			children = (
				5FB4544D1AF3657C0020FC56 /* SBAppSliderController.m */,
				5FB4544E1AF3657C0020FC56 /* SBUIController.m */,
				5F40C0A71B2D9E0000AC3711 /* SBIconController.m */,
				5FE9009B1B26DE0B00ACCB1C /* SBNotificationCenterController.m */,
				5F742F761B23B52B00E92C5D /* CDTLamoSettingsIcon.m */,
			);
			name = Hooks;
			sourceTree = "<group>";
		};
		5FFC8B571B3E45C8009377F8 /* Objects */ = {
			isa = PBXGroup;
			children = (
				5FEBA7451B210D0400BACB25 /* CDTLamoPanGestureRecognizer.m */,
				5FEBA7441B210D0400BACB25 /* CDTLamoPanGestureRecognizer.h */,
				5FDF09171B091CFC0094306F /* CDTLamoStateManager.h */,
				5FDF09181B091CFC0094306F /* CDTLamoStateManager.m */,
				5FB454401AF364920020FC56 /* ZKSwizzle.h */,
				5FB454411AF364920020FC56 /* ZKSwizzle.m */,
			);
			name = Objects;
			sourceTree = "<group>";
		};
/* End PBXGroup section */

/* Begin PBXNativeTarget section */
		5FB454251AF364350020FC56 /* Lamo */ = {
			isa = PBXNativeTarget;
			buildConfigurationList = 5FB4543A1AF364350020FC56 /* Build configuration list for PBXNativeTarget "Lamo" */;
			buildPhases = (
				5FB454221AF364350020FC56 /* Sources */,
				5FB454231AF364350020FC56 /* Frameworks */,
				5FB454241AF364350020FC56 /* CopyFiles */,
				5F1452641B39BBBB00A8D4D1 /* ShellScript */,
			);
			buildRules = (
			);
			dependencies = (
				5FE039E41AF44A4C004F9098 /* PBXTargetDependency */,
			);
			name = Lamo;
			productName = Lamo;
			productReference = 5FB454261AF364350020FC56 /* Lamo.dylib */;
			productType = "com.apple.product-type.library.dynamic";
		};
		5FE039CB1AF447EB004F9098 /* lamoClient */ = {
			isa = PBXNativeTarget;
			buildConfigurationList = 5FE039DD1AF447EB004F9098 /* Build configuration list for PBXNativeTarget "lamoClient" */;
			buildPhases = (
				5FE039C81AF447EB004F9098 /* Sources */,
				5FE039C91AF447EB004F9098 /* Frameworks */,
				5FE039CA1AF447EB004F9098 /* CopyFiles */,
			);
			buildRules = (
			);
			dependencies = (
			);
			name = lamoClient;
			productName = lamoClient;
			productReference = 5FE039CC1AF447EB004F9098 /* LamoClient.dylib */;
			productType = "com.apple.product-type.library.dynamic";
		};
/* End PBXNativeTarget section */

/* Begin PBXProject section */
		5FB4541E1AF364350020FC56 /* Project object */ = {
			isa = PBXProject;
			attributes = {
				LastUpgradeCheck = 0630;
				ORGANIZATIONNAME = CortexDevTeam;
				TargetAttributes = {
					5FB454251AF364350020FC56 = {
						CreatedOnToolsVersion = 6.3.1;
					};
					5FE039CB1AF447EB004F9098 = {
						CreatedOnToolsVersion = 6.3.1;
					};
				};
			};
			buildConfigurationList = 5FB454211AF364350020FC56 /* Build configuration list for PBXProject "Lamo" */;
			compatibilityVersion = "Xcode 3.2";
			developmentRegion = English;
			hasScannedForEncodings = 0;
			knownRegions = (
				en,
			);
			mainGroup = 5FB4541D1AF364350020FC56;
			productRefGroup = 5FB454271AF364350020FC56 /* Products */;
			projectDirPath = "";
			projectRoot = "";
			targets = (
				5FB454251AF364350020FC56 /* Lamo */,
				5FE039CB1AF447EB004F9098 /* lamoClient */,
			);
		};
/* End PBXProject section */

/* Begin PBXShellScriptBuildPhase section */
		5F1452641B39BBBB00A8D4D1 /* ShellScript */ = {
			isa = PBXShellScriptBuildPhase;
			buildActionMask = 2147483647;
			files = (
			);
			inputPaths = (
			);
			outputPaths = (
			);
			runOnlyForDeploymentPostprocessing = 0;
			shellPath = /bin/sh;
			shellScript = "killall SpringBoard || true";
		};
/* End PBXShellScriptBuildPhase section */

/* Begin PBXSourcesBuildPhase section */
		5FB454221AF364350020FC56 /* Sources */ = {
			isa = PBXSourcesBuildPhase;
			buildActionMask = 2147483647;
			files = (
				5F742F771B23B52B00E92C5D /* CDTLamoSettingsIcon.m in Sources */,
				5FA91D781B37131B00BBC90E /* CDTLamoAppOverlay.m in Sources */,
				5FB454551AF366B10020FC56 /* SBAppSliderController.m in Sources */,
				5F1026321B22B02000257C45 /* CDTLamoSettings.m in Sources */,
				5FB454561AF366B10020FC56 /* SBUIController.m in Sources */,
				5FF127811AFB06C8001EE496 /* CDTLamoWindow.m in Sources */,
				5FEBA7461B210D0400BACB25 /* CDTLamoPanGestureRecognizer.m in Sources */,
				5FB454511AF3657C0020FC56 /* CDTLamoBarView.mm in Sources */,
				5FB4544F1AF3657C0020FC56 /* CDTContextHostProvider.mm in Sources */,
				5F1026351B22B5AD00257C45 /* CDTLamoSettingsViewController.m in Sources */,
				5FB454501AF3657C0020FC56 /* CDTLamo.mm in Sources */,
				5FE9009C1B26DE0B00ACCB1C /* SBNotificationCenterController.m in Sources */,
				5FDF09191B091CFC0094306F /* CDTLamoStateManager.m in Sources */,
				5FB454421AF364920020FC56 /* ZKSwizzle.m in Sources */,
				5F40C0A81B2D9E0000AC3711 /* SBIconController.m in Sources */,
			);
			runOnlyForDeploymentPostprocessing = 0;
		};
		5FE039C81AF447EB004F9098 /* Sources */ = {
			isa = PBXSourcesBuildPhase;
			buildActionMask = 2147483647;
			files = (
				5FE039E61AF44AD6004F9098 /* UIApplication.m in Sources */,
				5FE039E71AF44E8F004F9098 /* ZKSwizzle.m in Sources */,
			);
			runOnlyForDeploymentPostprocessing = 0;
		};
/* End PBXSourcesBuildPhase section */

/* Begin PBXTargetDependency section */
		5FE039E41AF44A4C004F9098 /* PBXTargetDependency */ = {
			isa = PBXTargetDependency;
			target = 5FE039CB1AF447EB004F9098 /* lamoClient */;
			targetProxy = 5FE039E31AF44A4C004F9098 /* PBXContainerItemProxy */;
		};
/* End PBXTargetDependency section */

/* Begin XCBuildConfiguration section */
		5FB454381AF364350020FC56 /* Debug */ = {
			isa = XCBuildConfiguration;
			buildSettings = {
				ALWAYS_SEARCH_USER_PATHS = NO;
				ARCHS = "$(ARCHS_STANDARD)";
				CLANG_CXX_LANGUAGE_STANDARD = "gnu++0x";
				CLANG_CXX_LIBRARY = "libc++";
				CLANG_ENABLE_MODULES = YES;
				CLANG_ENABLE_OBJC_ARC = YES;
				CLANG_WARN_BOOL_CONVERSION = YES;
				CLANG_WARN_CONSTANT_CONVERSION = YES;
				CLANG_WARN_DIRECT_OBJC_ISA_USAGE = YES_ERROR;
				CLANG_WARN_EMPTY_BODY = YES;
				CLANG_WARN_ENUM_CONVERSION = YES;
				CLANG_WARN_INT_CONVERSION = YES;
				CLANG_WARN_OBJC_ROOT_CLASS = YES_ERROR;
				CLANG_WARN_UNREACHABLE_CODE = YES;
				CLANG_WARN__DUPLICATE_METHOD_MATCH = YES;
				COPY_PHASE_STRIP = NO;
				DEBUG_INFORMATION_FORMAT = "dwarf-with-dsym";
				DEPLOYMENT_LOCATION = YES;
				ENABLE_STRICT_OBJC_MSGSEND = YES;
				EXECUTABLE_EXTENSION = dylib;
				GCC_C_LANGUAGE_STANDARD = gnu99;
				GCC_DYNAMIC_NO_PIC = NO;
				GCC_NO_COMMON_BLOCKS = YES;
				GCC_OPTIMIZATION_LEVEL = 0;
				GCC_PREPROCESSOR_DEFINITIONS = (
					"DEBUG=1",
					"$(inherited)",
				);
				GCC_SYMBOLS_PRIVATE_EXTERN = NO;
				GCC_WARN_64_TO_32_BIT_CONVERSION = YES;
				GCC_WARN_ABOUT_RETURN_TYPE = YES_ERROR;
				GCC_WARN_UNDECLARED_SELECTOR = YES;
				GCC_WARN_UNINITIALIZED_AUTOS = YES_AGGRESSIVE;
				GCC_WARN_UNUSED_FUNCTION = YES;
				GCC_WARN_UNUSED_VARIABLE = YES;
				INSTALL_PATH = /Users/ethanarbuckle/Desktop/LAMO_DYLIB/;
				IPHONEOS_DEPLOYMENT_TARGET = 8.1;
				MACH_O_TYPE = mh_dylib;
				MTL_ENABLE_DEBUG_INFO = YES;
				ONLY_ACTIVE_ARCH = NO;
				SDKROOT = iphoneos;
				VALID_ARCHS = "arm64 armv7 armv7s i386";
			};
			name = Debug;
		};
		5FB454391AF364350020FC56 /* Release */ = {
			isa = XCBuildConfiguration;
			buildSettings = {
				ALWAYS_SEARCH_USER_PATHS = NO;
				ARCHS = "$(ARCHS_STANDARD)";
				CLANG_CXX_LANGUAGE_STANDARD = "gnu++0x";
				CLANG_CXX_LIBRARY = "libc++";
				CLANG_ENABLE_MODULES = YES;
				CLANG_ENABLE_OBJC_ARC = YES;
				CLANG_WARN_BOOL_CONVERSION = YES;
				CLANG_WARN_CONSTANT_CONVERSION = YES;
				CLANG_WARN_DIRECT_OBJC_ISA_USAGE = YES_ERROR;
				CLANG_WARN_EMPTY_BODY = YES;
				CLANG_WARN_ENUM_CONVERSION = YES;
				CLANG_WARN_INT_CONVERSION = YES;
				CLANG_WARN_OBJC_ROOT_CLASS = YES_ERROR;
				CLANG_WARN_UNREACHABLE_CODE = YES;
				CLANG_WARN__DUPLICATE_METHOD_MATCH = YES;
				COPY_PHASE_STRIP = NO;
				DEBUG_INFORMATION_FORMAT = "dwarf-with-dsym";
				DEPLOYMENT_LOCATION = YES;
				ENABLE_NS_ASSERTIONS = NO;
				ENABLE_STRICT_OBJC_MSGSEND = YES;
				EXECUTABLE_EXTENSION = dylib;
				GCC_C_LANGUAGE_STANDARD = gnu99;
				GCC_NO_COMMON_BLOCKS = YES;
				GCC_WARN_64_TO_32_BIT_CONVERSION = YES;
				GCC_WARN_ABOUT_RETURN_TYPE = YES_ERROR;
				GCC_WARN_UNDECLARED_SELECTOR = YES;
				GCC_WARN_UNINITIALIZED_AUTOS = YES_AGGRESSIVE;
				GCC_WARN_UNUSED_FUNCTION = YES;
				GCC_WARN_UNUSED_VARIABLE = YES;
				INSTALL_PATH = /Users/ethanarbuckle/Desktop/LAMO_DYLIB/;
				IPHONEOS_DEPLOYMENT_TARGET = 8.1;
				MACH_O_TYPE = mh_dylib;
				MTL_ENABLE_DEBUG_INFO = NO;
				ONLY_ACTIVE_ARCH = NO;
				SDKROOT = iphoneos;
				VALIDATE_PRODUCT = YES;
				VALID_ARCHS = "arm64 armv7 armv7s i386";
			};
			name = Release;
		};
		5FB4543B1AF364350020FC56 /* Debug */ = {
			isa = XCBuildConfiguration;
			buildSettings = {
				ARCHS = (
					"$(ARCHS_STANDARD)",
					i386,
				);
				DSTROOT = "";
				DYLIB_INSTALL_NAME_BASE = Builds/;
				GCC_PREPROCESSOR_DEFINITIONS = "";
				"GCC_PREPROCESSOR_DEFINITIONS[arch=*]" = "BUILD_OWNER=$(owner)";
				INSTALL_PATH = Builds/;
				ONLY_ACTIVE_ARCH = NO;
				OTHER_LDFLAGS = "-ObjC";
				PRODUCT_NAME = "$(TARGET_NAME)";
				SKIP_INSTALL = NO;
			};
			name = Debug;
		};
		5FB4543C1AF364350020FC56 /* Release */ = {
			isa = XCBuildConfiguration;
			buildSettings = {
				ARCHS = (
					"$(ARCHS_STANDARD)",
					i386,
				);
				DSTROOT = "";
				DYLIB_INSTALL_NAME_BASE = Builds/;
				GCC_PREPROCESSOR_DEFINITIONS = "SRC_ROOT=\"$(SRCROOT)\"";
				"GCC_PREPROCESSOR_DEFINITIONS[arch=*]" = "BUILD_OWNER=$(owner)";
				INSTALL_PATH = Builds/;
				ONLY_ACTIVE_ARCH = NO;
				OTHER_LDFLAGS = "-ObjC";
				PRODUCT_NAME = "$(TARGET_NAME)";
				SKIP_INSTALL = NO;
			};
			name = Release;
		};
		5FE039DE1AF447EB004F9098 /* Debug */ = {
			isa = XCBuildConfiguration;
			buildSettings = {
				DSTROOT = "";
				DYLIB_INSTALL_NAME_BASE = "$(INSTALL_PATH)";
				GCC_PREPROCESSOR_DEFINITIONS = (
					"DEBUG=1",
					"$(inherited)",
				);
				INSTALL_PATH = Builds/;
				LD_DYLIB_INSTALL_NAME = "$(INSTALL_PATH)/LamoClient.dylib";
				ONLY_ACTIVE_ARCH = NO;
				OTHER_LDFLAGS = "-ObjC";
				PRODUCT_MODULE_NAME = LamoClient;
				PRODUCT_NAME = LamoClient;
				SKIP_INSTALL = NO;
			};
			name = Debug;
		};
		5FE039DF1AF447EB004F9098 /* Release */ = {
			isa = XCBuildConfiguration;
			buildSettings = {
				DSTROOT = "";
				DYLIB_INSTALL_NAME_BASE = "$(INSTALL_PATH)";
				INSTALL_PATH = Builds/;
				LD_DYLIB_INSTALL_NAME = "$(INSTALL_PATH)/LamoClient.dylib";
				ONLY_ACTIVE_ARCH = NO;
				OTHER_LDFLAGS = "-ObjC";
				PRODUCT_MODULE_NAME = LamoClient;
				PRODUCT_NAME = LamoClient;
				SKIP_INSTALL = NO;
			};
			name = Release;
		};
/* End XCBuildConfiguration section */

/* Begin XCConfigurationList section */
		5FB454211AF364350020FC56 /* Build configuration list for PBXProject "Lamo" */ = {
			isa = XCConfigurationList;
			buildConfigurations = (
				5FB454381AF364350020FC56 /* Debug */,
				5FB454391AF364350020FC56 /* Release */,
			);
			defaultConfigurationIsVisible = 0;
			defaultConfigurationName = Release;
		};
		5FB4543A1AF364350020FC56 /* Build configuration list for PBXNativeTarget "Lamo" */ = {
			isa = XCConfigurationList;
			buildConfigurations = (
				5FB4543B1AF364350020FC56 /* Debug */,
				5FB4543C1AF364350020FC56 /* Release */,
			);
			defaultConfigurationIsVisible = 0;
			defaultConfigurationName = Release;
		};
		5FE039DD1AF447EB004F9098 /* Build configuration list for PBXNativeTarget "lamoClient" */ = {
			isa = XCConfigurationList;
			buildConfigurations = (
				5FE039DE1AF447EB004F9098 /* Debug */,
				5FE039DF1AF447EB004F9098 /* Release */,
			);
			defaultConfigurationIsVisible = 0;
			defaultConfigurationName = Release;
		};
/* End XCConfigurationList section */
	};
	rootObject = 5FB4541E1AF364350020FC56 /* Project object */;
}
